Microsoft Visual Studio Solution File, Format Version 12.00
# Visual Studio Version 17
VisualStudioVersion = 17.5.2.0
MinimumVisualStudioVersion = 10.0.40219.1
Project("{FAE04EC0-301F-11D3-BF4B-00C04F79EFBC}") = "RESTcats", "RESTcats.csproj", "{960E57FA-32B1-A6F5-87BA-0BE139CBF052}"
EndProject
Global
	GlobalSection(SolutionConfigurationPlatforms) = preSolution
		Debug|Any CPU = Debug|Any CPU
		Release|Any CPU = Release|Any CPU
	EndGlobalSection
	GlobalSection(ProjectConfigurationPlatforms) = postSolution
		{960E57FA-32B1-A6F5-87BA-0BE139CBF052}.Debug|Any CPU.ActiveCfg = Debug|Any CPU
		{960E57FA-32B1-A6F5-87BA-0BE139CBF052}.Debug|Any CPU.Build.0 = Debug|Any CPU
		{960E57FA-32B1-A6F5-87BA-0BE139CBF052}.Release|Any CPU.ActiveCfg = Release|Any CPU
		{960E57FA-32B1-A6F5-87BA-0BE139CBF052}.Release|Any CPU.Build.0 = Release|Any CPU
	EndGlobalSection
	GlobalSection(SolutionProperties) = preSolution
		HideSolutionNode = FALSE
	EndGlobalSection
	GlobalSection(ExtensibilityGlobals) = postSolution
		SolutionGuid = {980738F0-8D7A-46FF-8F19-C5216DC63DB4}
	EndGlobalSection
EndGlobal
